// !$*UTF8*$!
{
	archiveVersion = 1;
	classes = {
	};
	objectVersion = 46;
	objects = {

/* Begin PBXBuildFile section */
		63B4A5061B94F3B200D0CF63 /* main.m in Sources */ = {isa = PBXBuildFile; fileRef = 63B4A5051B94F3B200D0CF63 /* main.m */; };
		63B4A5091B94F3B200D0CF63 /* AppDelegate.m in Sources */ = {isa = PBXBuildFile; fileRef = 63B4A5081B94F3B200D0CF63 /* AppDelegate.m */; };
		63B4A50F1B94F3B200D0CF63 /* Main.storyboard in Resources */ = {isa = PBXBuildFile; fileRef = 63B4A50D1B94F3B200D0CF63 /* Main.storyboard */; };
		63B4A5111B94F3B200D0CF63 /* Images.xcassets in Resources */ = {isa = PBXBuildFile; fileRef = 63B4A5101B94F3B200D0CF63 /* Images.xcassets */; };
		63B4A5141B94F3B200D0CF63 /* LaunchScreen.xib in Resources */ = {isa = PBXBuildFile; fileRef = 63B4A5121B94F3B200D0CF63 /* LaunchScreen.xib */; };
		63B4A5201B94F3B300D0CF63 /* ToDo_ListTests.m in Sources */ = {isa = PBXBuildFile; fileRef = 63B4A51F1B94F3B300D0CF63 /* ToDo_ListTests.m */; };
		63B4A52E1B94F8B000D0CF63 /* ToDoListViewController.m in Sources */ = {isa = PBXBuildFile; fileRef = 63B4A52D1B94F8B000D0CF63 /* ToDoListViewController.m */; };
		63B4A5321B94F9B000D0CF63 /* ToDoAdapter.m in Sources */ = {isa = PBXBuildFile; fileRef = 63B4A5311B94F9B000D0CF63 /* ToDoAdapter.m */; };
		63B4A5351B94FFBE00D0CF63 /* ToDoCell.xib in Resources */ = {isa = PBXBuildFile; fileRef = 63B4A5341B94FFBE00D0CF63 /* ToDoCell.xib */; };
		63B4A5381B95000E00D0CF63 /* ToDoCell.m in Sources */ = {isa = PBXBuildFile; fileRef = 63B4A5371B95000E00D0CF63 /* ToDoCell.m */; };
		63B4A53B1B9503E600D0CF63 /* itemDetailsViewController.m in Sources */ = {isa = PBXBuildFile; fileRef = 63B4A53A1B9503E600D0CF63 /* itemDetailsViewController.m */; };
/* End PBXBuildFile section */

/* Begin PBXContainerItemProxy section */
		63B4A51A1B94F3B300D0CF63 /* PBXContainerItemProxy */ = {
			isa = PBXContainerItemProxy;
			containerPortal = 63B4A4F81B94F3B200D0CF63 /* Project object */;
			proxyType = 1;
			remoteGlobalIDString = 63B4A4FF1B94F3B200D0CF63;
			remoteInfo = "ToDo List";
		};
/* End PBXContainerItemProxy section */

/* Begin PBXFileReference section */
		63B4A5001B94F3B200D0CF63 /* ToDo List.app */ = {isa = PBXFileReference; explicitFileType = wrapper.application; includeInIndex = 0; path = "ToDo List.app"; sourceTree = BUILT_PRODUCTS_DIR; };
		63B4A5041B94F3B200D0CF63 /* Info.plist */ = {isa = PBXFileReference; lastKnownFileType = text.plist.xml; path = Info.plist; sourceTree = "<group>"; };
		63B4A5051B94F3B200D0CF63 /* main.m */ = {isa = PBXFileReference; lastKnownFileType = sourcecode.c.objc; path = main.m; sourceTree = "<group>"; };
		63B4A5071B94F3B200D0CF63 /* AppDelegate.h */ = {isa = PBXFileReference; lastKnownFileType = sourcecode.c.h; path = AppDelegate.h; sourceTree = "<group>"; };
		63B4A5081B94F3B200D0CF63 /* AppDelegate.m */ = {isa = PBXFileReference; lastKnownFileType = sourcecode.c.objc; path = AppDelegate.m; sourceTree = "<group>"; };
		63B4A50E1B94F3B200D0CF63 /* Base */ = {isa = PBXFileReference; lastKnownFileType = file.storyboard; name = Base; path = Base.lproj/Main.storyboard; sourceTree = "<group>"; };
		63B4A5101B94F3B200D0CF63 /* Images.xcassets */ = {isa = PBXFileReference; lastKnownFileType = folder.assetcatalog; path = Images.xcassets; sourceTree = "<group>"; };
		63B4A5131B94F3B200D0CF63 /* Base */ = {isa = PBXFileReference; lastKnownFileType = file.xib; name = Base; path = Base.lproj/LaunchScreen.xib; sourceTree = "<group>"; };
		63B4A5191B94F3B300D0CF63 /* ToDo ListTests.xctest */ = {isa = PBXFileReference; explicitFileType = wrapper.cfbundle; includeInIndex = 0; path = "ToDo ListTests.xctest"; sourceTree = BUILT_PRODUCTS_DIR; };
		63B4A51E1B94F3B300D0CF63 /* Info.plist */ = {isa = PBXFileReference; lastKnownFileType = text.plist.xml; path = Info.plist; sourceTree = "<group>"; };
		63B4A51F1B94F3B300D0CF63 /* ToDo_ListTests.m */ = {isa = PBXFileReference; lastKnownFileType = sourcecode.c.objc; path = ToDo_ListTests.m; sourceTree = "<group>"; };
		63B4A52C1B94F8B000D0CF63 /* ToDoListViewController.h */ = {isa = PBXFileReference; fileEncoding = 4; lastKnownFileType = sourcecode.c.h; path = ToDoListViewController.h; sourceTree = "<group>"; };
		63B4A52D1B94F8B000D0CF63 /* ToDoListViewController.m */ = {isa = PBXFileReference; fileEncoding = 4; lastKnownFileType = sourcecode.c.objc; path = ToDoListViewController.m; sourceTree = "<group>"; };
		63B4A5301B94F9B000D0CF63 /* ToDoAdapter.h */ = {isa = PBXFileReference; fileEncoding = 4; lastKnownFileType = sourcecode.c.h; path = ToDoAdapter.h; sourceTree = "<group>"; };
		63B4A5311B94F9B000D0CF63 /* ToDoAdapter.m */ = {isa = PBXFileReference; fileEncoding = 4; lastKnownFileType = sourcecode.c.objc; path = ToDoAdapter.m; sourceTree = "<group>"; };
		63B4A5341B94FFBE00D0CF63 /* ToDoCell.xib */ = {isa = PBXFileReference; fileEncoding = 4; lastKnownFileType = file.xib; path = ToDoCell.xib; sourceTree = "<group>"; };
		63B4A5361B95000E00D0CF63 /* ToDoCell.h */ = {isa = PBXFileReference; fileEncoding = 4; lastKnownFileType = sourcecode.c.h; path = ToDoCell.h; sourceTree = "<group>"; };
		63B4A5371B95000E00D0CF63 /* ToDoCell.m */ = {isa = PBXFileReference; fileEncoding = 4; lastKnownFileType = sourcecode.c.objc; path = ToDoCell.m; sourceTree = "<group>"; };
		63B4A5391B9503E600D0CF63 /* itemDetailsViewController.h */ = {isa = PBXFileReference; fileEncoding = 4; lastKnownFileType = sourcecode.c.h; path = itemDetailsViewController.h; sourceTree = "<group>"; };
		63B4A53A1B9503E600D0CF63 /* itemDetailsViewController.m */ = {isa = PBXFileReference; fileEncoding = 4; lastKnownFileType = sourcecode.c.objc; path = itemDetailsViewController.m; sourceTree = "<group>"; };
/* End PBXFileReference section */

/* Begin PBXFrameworksBuildPhase section */
		63B4A4FD1B94F3B200D0CF63 /* Frameworks */ = {
			isa = PBXFrameworksBuildPhase;
			buildActionMask = 2147483647;
			files = (
			);
			runOnlyForDeploymentPostprocessing = 0;
		};
		63B4A5161B94F3B300D0CF63 /* Frameworks */ = {
			isa = PBXFrameworksBuildPhase;
			buildActionMask = 2147483647;
			files = (
			);
			runOnlyForDeploymentPostprocessing = 0;
		};
/* End PBXFrameworksBuildPhase section */

/* Begin PBXGroup section */
		63B4A4F71B94F3B100D0CF63 = {
			isa = PBXGroup;
			children = (
				63B4A5021B94F3B200D0CF63 /* ToDo List */,
				63B4A51C1B94F3B300D0CF63 /* ToDo ListTests */,
				63B4A5011B94F3B200D0CF63 /* Products */,
			);
			sourceTree = "<group>";
		};
		63B4A5011B94F3B200D0CF63 /* Products */ = {
			isa = PBXGroup;
			children = (
				63B4A5001B94F3B200D0CF63 /* ToDo List.app */,
				63B4A5191B94F3B300D0CF63 /* ToDo ListTests.xctest */,
			);
			name = Products;
			sourceTree = "<group>";
		};
		63B4A5021B94F3B200D0CF63 /* ToDo List */ = {
			isa = PBXGroup;
			children = (
				63B4A52B1B94F85200D0CF63 /* views */,
				63B4A52A1B94F84E00D0CF63 /* models */,
				63B4A5291B94F83900D0CF63 /* controllers */,
				63B4A5071B94F3B200D0CF63 /* AppDelegate.h */,
				63B4A5081B94F3B200D0CF63 /* AppDelegate.m */,
				63B4A50D1B94F3B200D0CF63 /* Main.storyboard */,
				63B4A5101B94F3B200D0CF63 /* Images.xcassets */,
				63B4A5121B94F3B200D0CF63 /* LaunchScreen.xib */,
				63B4A5031B94F3B200D0CF63 /* Supporting Files */,
			);
			path = "ToDo List";
			sourceTree = "<group>";
		};
		63B4A5031B94F3B200D0CF63 /* Supporting Files */ = {
			isa = PBXGroup;
			children = (
				63B4A5041B94F3B200D0CF63 /* Info.plist */,
				63B4A5051B94F3B200D0CF63 /* main.m */,
			);
			name = "Supporting Files";
			sourceTree = "<group>";
		};
		63B4A51C1B94F3B300D0CF63 /* ToDo ListTests */ = {
			isa = PBXGroup;
			children = (
				63B4A51F1B94F3B300D0CF63 /* ToDo_ListTests.m */,
				63B4A51D1B94F3B300D0CF63 /* Supporting Files */,
			);
			path = "ToDo ListTests";
			sourceTree = "<group>";
		};
		63B4A51D1B94F3B300D0CF63 /* Supporting Files */ = {
			isa = PBXGroup;
			children = (
				63B4A51E1B94F3B300D0CF63 /* Info.plist */,
			);
			name = "Supporting Files";
			sourceTree = "<group>";
		};
		63B4A5291B94F83900D0CF63 /* controllers */ = {
			isa = PBXGroup;
			children = (
				63B4A5331B94FFA600D0CF63 /* cells */,
				63B4A52F1B94F96200D0CF63 /* adapters */,
				63B4A52C1B94F8B000D0CF63 /* ToDoListViewController.h */,
				63B4A52D1B94F8B000D0CF63 /* ToDoListViewController.m */,
				63B4A5391B9503E600D0CF63 /* itemDetailsViewController.h */,
				63B4A53A1B9503E600D0CF63 /* itemDetailsViewController.m */,
			);
			name = controllers;
			sourceTree = "<group>";
		};
		63B4A52A1B94F84E00D0CF63 /* models */ = {
			isa = PBXGroup;
			children = (
			);
			name = models;
			sourceTree = "<group>";
		};
		63B4A52B1B94F85200D0CF63 /* views */ = {
			isa = PBXGroup;
			children = (
			);
			name = views;
			sourceTree = "<group>";
		};
		63B4A52F1B94F96200D0CF63 /* adapters */ = {
			isa = PBXGroup;
			children = (
				63B4A5301B94F9B000D0CF63 /* ToDoAdapter.h */,
				63B4A5311B94F9B000D0CF63 /* ToDoAdapter.m */,
			);
			name = adapters;
			sourceTree = "<group>";
		};
		63B4A5331B94FFA600D0CF63 /* cells */ = {
			isa = PBXGroup;
			children = (
				63B4A5341B94FFBE00D0CF63 /* ToDoCell.xib */,
				63B4A5361B95000E00D0CF63 /* ToDoCell.h */,
				63B4A5371B95000E00D0CF63 /* ToDoCell.m */,
			);
			name = cells;
			sourceTree = "<group>";
		};
/* End PBXGroup section */

/* Begin PBXNativeTarget section */
		63B4A4FF1B94F3B200D0CF63 /* ToDo List */ = {
			isa = PBXNativeTarget;
			buildConfigurationList = 63B4A5231B94F3B300D0CF63 /* Build configuration list for PBXNativeTarget "ToDo List" */;
			buildPhases = (
				63B4A4FC1B94F3B200D0CF63 /* Sources */,
				63B4A4FD1B94F3B200D0CF63 /* Frameworks */,
				63B4A4FE1B94F3B200D0CF63 /* Resources */,
			);
			buildRules = (
			);
			dependencies = (
			);
			name = "ToDo List";
			productName = "ToDo List";
			productReference = 63B4A5001B94F3B200D0CF63 /* ToDo List.app */;
			productType = "com.apple.product-type.application";
		};
		63B4A5181B94F3B300D0CF63 /* ToDo ListTests */ = {
			isa = PBXNativeTarget;
			buildConfigurationList = 63B4A5261B94F3B300D0CF63 /* Build configuration list for PBXNativeTarget "ToDo ListTests" */;
			buildPhases = (
				63B4A5151B94F3B300D0CF63 /* Sources */,
				63B4A5161B94F3B300D0CF63 /* Frameworks */,
				63B4A5171B94F3B300D0CF63 /* Resources */,
			);
			buildRules = (
			);
			dependencies = (
				63B4A51B1B94F3B300D0CF63 /* PBXTargetDependency */,
			);
			name = "ToDo ListTests";
			productName = "ToDo ListTests";
			productReference = 63B4A5191B94F3B300D0CF63 /* ToDo ListTests.xctest */;
			productType = "com.apple.product-type.bundle.unit-test";
		};
/* End PBXNativeTarget section */

/* Begin PBXProject section */
		63B4A4F81B94F3B200D0CF63 /* Project object */ = {
			isa = PBXProject;
			attributes = {
				LastUpgradeCheck = 0640;
				ORGANIZATIONNAME = 2x3;
				TargetAttributes = {
					63B4A4FF1B94F3B200D0CF63 = {
						CreatedOnToolsVersion = 6.4;
					};
					63B4A5181B94F3B300D0CF63 = {
						CreatedOnToolsVersion = 6.4;
						TestTargetID = 63B4A4FF1B94F3B200D0CF63;
					};
				};
			};
			buildConfigurationList = 63B4A4FB1B94F3B200D0CF63 /* Build configuration list for PBXProject "ToDo List" */;
			compatibilityVersion = "Xcode 3.2";
			developmentRegion = English;
			hasScannedForEncodings = 0;
			knownRegions = (
				en,
				Base,
			);
			mainGroup = 63B4A4F71B94F3B100D0CF63;
			productRefGroup = 63B4A5011B94F3B200D0CF63 /* Products */;
			projectDirPath = "";
			projectRoot = "";
			targets = (
				63B4A4FF1B94F3B200D0CF63 /* ToDo List */,
				63B4A5181B94F3B300D0CF63 /* ToDo ListTests */,
			);
		};
/* End PBXProject section */

/* Begin PBXResourcesBuildPhase section */
		63B4A4FE1B94F3B200D0CF63 /* Resources */ = {
			isa = PBXResourcesBuildPhase;
			buildActionMask = 2147483647;
			files = (
				63B4A50F1B94F3B200D0CF63 /* Main.storyboard in Resources */,
				63B4A5141B94F3B200D0CF63 /* LaunchScreen.xib in Resources */,
				63B4A5111B94F3B200D0CF63 /* Images.xcassets in Resources */,
				63B4A5351B94FFBE00D0CF63 /* ToDoCell.xib in Resources */,
			);
			runOnlyForDeploymentPostprocessing = 0;
		};
		63B4A5171B94F3B300D0CF63 /* Resources */ = {
			isa = PBXResourcesBuildPhase;
			buildActionMask = 2147483647;
			files = (
			);
			runOnlyForDeploymentPostprocessing = 0;
		};
/* End PBXResourcesBuildPhase section */

/* Begin PBXSourcesBuildPhase section */
		63B4A4FC1B94F3B200D0CF63 /* Sources */ = {
			isa = PBXSourcesBuildPhase;
			buildActionMask = 2147483647;
			files = (
				63B4A52E1B94F8B000D0CF63 /* ToDoListViewController.m in Sources */,
				63B4A5381B95000E00D0CF63 /* ToDoCell.m in Sources */,
				63B4A53B1B9503E600D0CF63 /* itemDetailsViewController.m in Sources */,
				63B4A5091B94F3B200D0CF63 /* AppDelegate.m in Sources */,
				63B4A5061B94F3B200D0CF63 /* main.m in Sources */,
				63B4A5321B94F9B000D0CF63 /* ToDoAdapter.m in Sources */,
			);
			runOnlyForDeploymentPostprocessing = 0;
		};
		63B4A5151B94F3B300D0CF63 /* Sources */ = {
			isa = PBXSourcesBuildPhase;
			buildActionMask = 2147483647;
			files = (
				63B4A5201B94F3B300D0CF63 /* ToDo_ListTests.m in Sources */,
			);
			runOnlyForDeploymentPostprocessing = 0;
		};
/* End PBXSourcesBuildPhase section */

/* Begin PBXTargetDependency section */
		63B4A51B1B94F3B300D0CF63 /* PBXTargetDependency */ = {
			isa = PBXTargetDependency;
			target = 63B4A4FF1B94F3B200D0CF63 /* ToDo List */;
			targetProxy = 63B4A51A1B94F3B300D0CF63 /* PBXContainerItemProxy */;
		};
/* End PBXTargetDependency section */

/* Begin PBXVariantGroup section */
		63B4A50D1B94F3B200D0CF63 /* Main.storyboard */ = {
			isa = PBXVariantGroup;
			children = (
				63B4A50E1B94F3B200D0CF63 /* Base */,
			);
			name = Main.storyboard;
			sourceTree = "<group>";
		};
		63B4A5121B94F3B200D0CF63 /* LaunchScreen.xib */ = {
			isa = PBXVariantGroup;
			children = (
				63B4A5131B94F3B200D0CF63 /* Base */,
			);
			name = LaunchScreen.xib;
			sourceTree = "<group>";
		};
/* End PBXVariantGroup section */

/* Begin XCBuildConfiguration section */
		63B4A5211B94F3B300D0CF63 /* Debug */ = {
			isa = XCBuildConfiguration;
			buildSettings = {
				ALWAYS_SEARCH_USER_PATHS = NO;
				CLANG_CXX_LANGUAGE_STANDARD = "gnu++0x";
				CLANG_CXX_LIBRARY = "libc++";
				CLANG_ENABLE_MODULES = YES;
				CLANG_ENABLE_OBJC_ARC = YES;
				CLANG_WARN_BOOL_CONVERSION = YES;
				CLANG_WARN_CONSTANT_CONVERSION = YES;
				CLANG_WARN_DIRECT_OBJC_ISA_USAGE = YES_ERROR;
				CLANG_WARN_EMPTY_BODY = YES;
				CLANG_WARN_ENUM_CONVERSION = YES;
				CLANG_WARN_INT_CONVERSION = YES;
				CLANG_WARN_OBJC_ROOT_CLASS = YES_ERROR;
				CLANG_WARN_UNREACHABLE_CODE = YES;
				CLANG_WARN__DUPLICATE_METHOD_MATCH = YES;
				"CODE_SIGN_IDENTITY[sdk=iphoneos*]" = "iPhone Developer";
				COPY_PHASE_STRIP = NO;
				DEBUG_INFORMATION_FORMAT = "dwarf-with-dsym";
				ENABLE_STRICT_OBJC_MSGSEND = YES;
				GCC_C_LANGUAGE_STANDARD = gnu99;
				GCC_DYNAMIC_NO_PIC = NO;
				GCC_NO_COMMON_BLOCKS = YES;
				GCC_OPTIMIZATION_LEVEL = 0;
				GCC_PREPROCESSOR_DEFINITIONS = (
					"DEBUG=1",
					"$(inherited)",
				);
				GCC_SYMBOLS_PRIVATE_EXTERN = NO;
				GCC_WARN_64_TO_32_BIT_CONVERSION = YES;
				GCC_WARN_ABOUT_RETURN_TYPE = YES_ERROR;
				GCC_WARN_UNDECLARED_SELECTOR = YES;
				GCC_WARN_UNINITIALIZED_AUTOS = YES_AGGRESSIVE;
				GCC_WARN_UNUSED_FUNCTION = YES;
				GCC_WARN_UNUSED_VARIABLE = YES;
				IPHONEOS_DEPLOYMENT_TARGET = 8.4;
				MTL_ENABLE_DEBUG_INFO = YES;
				ONLY_ACTIVE_ARCH = YES;
				SDKROOT = iphoneos;
			};
			name = Debug;
		};
		63B4A5221B94F3B300D0CF63 /* Release */ = {
			isa = XCBuildConfiguration;
			buildSettings = {
				ALWAYS_SEARCH_USER_PATHS = NO;
				CLANG_CXX_LANGUAGE_STANDARD = "gnu++0x";
				CLANG_CXX_LIBRARY = "libc++";
				CLANG_ENABLE_MODULES = YES;
				CLANG_ENABLE_OBJC_ARC = YES;
				CLANG_WARN_BOOL_CONVERSION = YES;
				CLANG_WARN_CONSTANT_CONVERSION = YES;
				CLANG_WARN_DIRECT_OBJC_ISA_USAGE = YES_ERROR;
				CLANG_WARN_EMPTY_BODY = YES;
				CLANG_WARN_ENUM_CONVERSION = YES;
				CLANG_WARN_INT_CONVERSION = YES;
				CLANG_WARN_OBJC_ROOT_CLASS = YES_ERROR;
				CLANG_WARN_UNREACHABLE_CODE = YES;
				CLANG_WARN__DUPLICATE_METHOD_MATCH = YES;
				"CODE_SIGN_IDENTITY[sdk=iphoneos*]" = "iPhone Developer";
				COPY_PHASE_STRIP = NO;
				DEBUG_INFORMATION_FORMAT = "dwarf-with-dsym";
				ENABLE_NS_ASSERTIONS = NO;
				ENABLE_STRICT_OBJC_MSGSEND = YES;
				GCC_C_LANGUAGE_STANDARD = gnu99;
				GCC_NO_COMMON_BLOCKS = YES;
				GCC_WARN_64_TO_32_BIT_CONVERSION = YES;
				GCC_WARN_ABOUT_RETURN_TYPE = YES_ERROR;
				GCC_WARN_UNDECLARED_SELECTOR = YES;
				GCC_WARN_UNINITIALIZED_AUTOS = YES_AGGRESSIVE;
				GCC_WARN_UNUSED_FUNCTION = YES;
				GCC_WARN_UNUSED_VARIABLE = YES;
				IPHONEOS_DEPLOYMENT_TARGET = 8.4;
				MTL_ENABLE_DEBUG_INFO = NO;
				SDKROOT = iphoneos;
				VALIDATE_PRODUCT = YES;
			};
			name = Release;
		};
		63B4A5241B94F3B300D0CF63 /* Debug */ = {
			isa = XCBuildConfiguration;
			buildSettings = {
				ASSETCATALOG_COMPILER_APPICON_NAME = AppIcon;
				INFOPLIST_FILE = "ToDo List/Info.plist";
				LD_RUNPATH_SEARCH_PATHS = "$(inherited) @executable_path/Frameworks";
				PRODUCT_NAME = "$(TARGET_NAME)";
			};
			name = Debug;
		};
		63B4A5251B94F3B300D0CF63 /* Release */ = {
			isa = XCBuildConfiguration;
			buildSettings = {
				ASSETCATALOG_COMPILER_APPICON_NAME = AppIcon;
				INFOPLIST_FILE = "ToDo List/Info.plist";
				LD_RUNPATH_SEARCH_PATHS = "$(inherited) @executable_path/Frameworks";
				PRODUCT_NAME = "$(TARGET_NAME)";
			};
			name = Release;
		};
		63B4A5271B94F3B300D0CF63 /* Debug */ = {
			isa = XCBuildConfiguration;
			buildSettings = {
				BUNDLE_LOADER = "$(TEST_HOST)";
				FRAMEWORK_SEARCH_PATHS = (
					"$(SDKROOT)/Developer/Library/Frameworks",
					"$(inherited)",
				);
				GCC_PREPROCESSOR_DEFINITIONS = (
					"DEBUG=1",
					"$(inherited)",
				);
				INFOPLIST_FILE = "ToDo ListTests/Info.plist";
				LD_RUNPATH_SEARCH_PATHS = "$(inherited) @executable_path/Frameworks @loader_path/Frameworks";
				PRODUCT_NAME = "$(TARGET_NAME)";
				TEST_HOST = "$(BUILT_PRODUCTS_DIR)/ToDo List.app/ToDo List";
			};
			name = Debug;
		};
		63B4A5281B94F3B300D0CF63 /* Release */ = {
			isa = XCBuildConfiguration;
			buildSettings = {
				BUNDLE_LOADER = "$(TEST_HOST)";
				FRAMEWORK_SEARCH_PATHS = (
					"$(SDKROOT)/Developer/Library/Frameworks",
					"$(inherited)",
				);
				INFOPLIST_FILE = "ToDo ListTests/Info.plist";
				LD_RUNPATH_SEARCH_PATHS = "$(inherited) @executable_path/Frameworks @loader_path/Frameworks";
				PRODUCT_NAME = "$(TARGET_NAME)";
				TEST_HOST = "$(BUILT_PRODUCTS_DIR)/ToDo List.app/ToDo List";
			};
			name = Release;
		};
/* End XCBuildConfiguration section */

/* Begin XCConfigurationList section */
		63B4A4FB1B94F3B200D0CF63 /* Build configuration list for PBXProject "ToDo List" */ = {
			isa = XCConfigurationList;
			buildConfigurations = (
				63B4A5211B94F3B300D0CF63 /* Debug */,
				63B4A5221B94F3B300D0CF63 /* Release */,
			);
			defaultConfigurationIsVisible = 0;
			defaultConfigurationName = Release;
		};
		63B4A5231B94F3B300D0CF63 /* Build configuration list for PBXNativeTarget "ToDo List" */ = {
			isa = XCConfigurationList;
			buildConfigurations = (
				63B4A5241B94F3B300D0CF63 /* Debug */,
				63B4A5251B94F3B300D0CF63 /* Release */,
			);
			defaultConfigurationIsVisible = 0;
		};
		63B4A5261B94F3B300D0CF63 /* Build configuration list for PBXNativeTarget "ToDo ListTests" */ = {
			isa = XCConfigurationList;
			buildConfigurations = (
				63B4A5271B94F3B300D0CF63 /* Debug */,
				63B4A5281B94F3B300D0CF63 /* Release */,
			);
			defaultConfigurationIsVisible = 0;
		};
/* End XCConfigurationList section */
	};
	rootObject = 63B4A4F81B94F3B200D0CF63 /* Project object */;
}
